
Microsoft Visual Studio Solution File, Format Version 12.00
# Visual Studio Version 16
VisualStudioVersion = 16.0.30204.135
MinimumVisualStudioVersion = 10.0.40219.1
Project("{FAE04EC0-301F-11D3-BF4B-00C04F79EFBC}") = "BigSchool", "BigSchool\BigSchool.csproj", "{28357330-46F5-428E-846E-CB36CAB272FB}"
EndProject
Project("{2150E333-8FDC-42A3-9474-1A3956D46DE8}") = "Solution Items", "Solution Items", "{9397DE1C-C134-4430-8EFA-F52625D1FDBD}"
	ProjectSection(SolutionItems) = preProject
		.editorconfig = .editorconfig
	EndProjectSection
EndProject
Global
	GlobalSection(SolutionConfigurationPlatforms) = preSolution
		Debug|Any CPU = Debug|Any CPU
		Release|Any CPU = Release|Any CPU
	EndGlobalSection
	GlobalSection(ProjectConfigurationPlatforms) = postSolution
		{28357330-46F5-428E-846E-CB36CAB272FB}.Debug|Any CPU.ActiveCfg = Debug|Any CPU
		{28357330-46F5-428E-846E-CB36CAB272FB}.Debug|Any CPU.Build.0 = Debug|Any CPU
		{28357330-46F5-428E-846E-CB36CAB272FB}.Release|Any CPU.ActiveCfg = Release|Any CPU
		{28357330-46F5-428E-846E-CB36CAB272FB}.Release|Any CPU.Build.0 = Release|Any CPU
	EndGlobalSection
	GlobalSection(SolutionProperties) = preSolution
		HideSolutionNode = FALSE
	EndGlobalSection
	GlobalSection(ExtensibilityGlobals) = postSolution
		SolutionGuid = {92982E43-BC7C-4163-9B56-58275BD9AE6A}
	EndGlobalSection
EndGlobal
